// !$*UTF8*$!
{
	archiveVersion = 1;
	classes = {
	};
	objectVersion = 46;
	objects = {

/* Begin PBXBuildFile section */
		E13DF8401CC6C001000AC939 /* CGMath.swift in Sources */ = {isa = PBXBuildFile; fileRef = E13DF83F1CC6C001000AC939 /* CGMath.swift */; };
		E15A0BB41CC5567000C9E655 /* AppDelegate.swift in Sources */ = {isa = PBXBuildFile; fileRef = E15A0BB31CC5567000C9E655 /* AppDelegate.swift */; };
		E15A0BB61CC5567000C9E655 /* GameScene.sks in Resources */ = {isa = PBXBuildFile; fileRef = E15A0BB51CC5567000C9E655 /* GameScene.sks */; };
		E15A0BB81CC5567000C9E655 /* GameScene.swift in Sources */ = {isa = PBXBuildFile; fileRef = E15A0BB71CC5567000C9E655 /* GameScene.swift */; };
		E15A0BBA1CC5567000C9E655 /* GameViewController.swift in Sources */ = {isa = PBXBuildFile; fileRef = E15A0BB91CC5567000C9E655 /* GameViewController.swift */; };
		E15A0BBD1CC5567000C9E655 /* Main.storyboard in Resources */ = {isa = PBXBuildFile; fileRef = E15A0BBB1CC5567000C9E655 /* Main.storyboard */; };
		E15A0BBF1CC5567000C9E655 /* Assets.xcassets in Resources */ = {isa = PBXBuildFile; fileRef = E15A0BBE1CC5567000C9E655 /* Assets.xcassets */; };
		E15A0BC21CC5567000C9E655 /* LaunchScreen.storyboard in Resources */ = {isa = PBXBuildFile; fileRef = E15A0BC01CC5567000C9E655 /* LaunchScreen.storyboard */; };
		E15A0BCC1CC557A700C9E655 /* Fipps-Regular.otf in Resources */ = {isa = PBXBuildFile; fileRef = E15A0BCB1CC5579100C9E655 /* Fipps-Regular.otf */; };
		E15A0BD01CC5598A00C9E655 /* StarField.sks in Resources */ = {isa = PBXBuildFile; fileRef = E15A0BCE1CC5598A00C9E655 /* StarField.sks */; };
		E15A0BD11CC5598A00C9E655 /* spark.png in Resources */ = {isa = PBXBuildFile; fileRef = E15A0BCF1CC5598A00C9E655 /* spark.png */; };
		E1B89C771D0749CE002AB406 /* SKNode.swift in Sources */ = {isa = PBXBuildFile; fileRef = E1B89C761D0749CE002AB406 /* SKNode.swift */; };
		E1B89C7A1D074DC7002AB406 /* coin.wav in Resources */ = {isa = PBXBuildFile; fileRef = E1B89C791D074DC7002AB406 /* coin.wav */; };
		E1B89C7C1D074E24002AB406 /* damage.wav in Resources */ = {isa = PBXBuildFile; fileRef = E1B89C7B1D074E24002AB406 /* damage.wav */; };
		E1B89C7E1D075070002AB406 /* background.wav in Resources */ = {isa = PBXBuildFile; fileRef = E1B89C7D1D075070002AB406 /* background.wav */; };
		E1F559081CC66391005D2A4B /* Hero.swift in Sources */ = {isa = PBXBuildFile; fileRef = E1F559071CC66391005D2A4B /* Hero.swift */; };
		E1F5590A1CC6746C005D2A4B /* Direction.swift in Sources */ = {isa = PBXBuildFile; fileRef = E1F559091CC6746C005D2A4B /* Direction.swift */; };
		E1F5590E1CC68709005D2A4B /* CategoryBitMasks.swift in Sources */ = {isa = PBXBuildFile; fileRef = E1F5590D1CC68709005D2A4B /* CategoryBitMasks.swift */; };
		E1F559101CC688EA005D2A4B /* Coin.swift in Sources */ = {isa = PBXBuildFile; fileRef = E1F5590F1CC688EA005D2A4B /* Coin.swift */; };
		E1F559121CC688FF005D2A4B /* Projectile.swift in Sources */ = {isa = PBXBuildFile; fileRef = E1F559111CC688FF005D2A4B /* Projectile.swift */; };
		E1F559141CC6A680005D2A4B /* DestroyCoin.sks in Resources */ = {isa = PBXBuildFile; fileRef = E1F559131CC6A680005D2A4B /* DestroyCoin.sks */; };
/* End PBXBuildFile section */

/* Begin PBXFileReference section */
		E13DF83F1CC6C001000AC939 /* CGMath.swift */ = {isa = PBXFileReference; fileEncoding = 4; lastKnownFileType = sourcecode.swift; path = CGMath.swift; sourceTree = "<group>"; };
		E15A0BB01CC5567000C9E655 /* _zero.app */ = {isa = PBXFileReference; explicitFileType = wrapper.application; includeInIndex = 0; path = _zero.app; sourceTree = BUILT_PRODUCTS_DIR; };
		E15A0BB31CC5567000C9E655 /* AppDelegate.swift */ = {isa = PBXFileReference; lastKnownFileType = sourcecode.swift; path = AppDelegate.swift; sourceTree = "<group>"; };
		E15A0BB51CC5567000C9E655 /* GameScene.sks */ = {isa = PBXFileReference; lastKnownFileType = file.sks; path = GameScene.sks; sourceTree = "<group>"; };
		E15A0BB71CC5567000C9E655 /* GameScene.swift */ = {isa = PBXFileReference; lastKnownFileType = sourcecode.swift; path = GameScene.swift; sourceTree = "<group>"; };
		E15A0BB91CC5567000C9E655 /* GameViewController.swift */ = {isa = PBXFileReference; lastKnownFileType = sourcecode.swift; path = GameViewController.swift; sourceTree = "<group>"; };
		E15A0BBC1CC5567000C9E655 /* Base */ = {isa = PBXFileReference; lastKnownFileType = file.storyboard; name = Base; path = Base.lproj/Main.storyboard; sourceTree = "<group>"; };
		E15A0BBE1CC5567000C9E655 /* Assets.xcassets */ = {isa = PBXFileReference; lastKnownFileType = folder.assetcatalog; path = Assets.xcassets; sourceTree = "<group>"; };
		E15A0BC11CC5567000C9E655 /* Base */ = {isa = PBXFileReference; lastKnownFileType = file.storyboard; name = Base; path = Base.lproj/LaunchScreen.storyboard; sourceTree = "<group>"; };
		E15A0BC31CC5567000C9E655 /* Info.plist */ = {isa = PBXFileReference; lastKnownFileType = text.plist.xml; path = Info.plist; sourceTree = "<group>"; };
		E15A0BCB1CC5579100C9E655 /* Fipps-Regular.otf */ = {isa = PBXFileReference; lastKnownFileType = file; path = "Fipps-Regular.otf"; sourceTree = "<group>"; };
		E15A0BCE1CC5598A00C9E655 /* StarField.sks */ = {isa = PBXFileReference; lastKnownFileType = file.sks; path = StarField.sks; sourceTree = "<group>"; };
		E15A0BCF1CC5598A00C9E655 /* spark.png */ = {isa = PBXFileReference; lastKnownFileType = image.png; path = spark.png; sourceTree = "<group>"; };
		E1B89C761D0749CE002AB406 /* SKNode.swift */ = {isa = PBXFileReference; fileEncoding = 4; lastKnownFileType = sourcecode.swift; path = SKNode.swift; sourceTree = "<group>"; };
		E1B89C791D074DC7002AB406 /* coin.wav */ = {isa = PBXFileReference; lastKnownFileType = audio.wav; path = coin.wav; sourceTree = "<group>"; };
		E1B89C7B1D074E24002AB406 /* damage.wav */ = {isa = PBXFileReference; lastKnownFileType = audio.wav; path = damage.wav; sourceTree = "<group>"; };
		E1B89C7D1D075070002AB406 /* background.wav */ = {isa = PBXFileReference; lastKnownFileType = audio.wav; path = background.wav; sourceTree = "<group>"; };
		E1F559071CC66391005D2A4B /* Hero.swift */ = {isa = PBXFileReference; fileEncoding = 4; lastKnownFileType = sourcecode.swift; path = Hero.swift; sourceTree = "<group>"; };
		E1F559091CC6746C005D2A4B /* Direction.swift */ = {isa = PBXFileReference; fileEncoding = 4; lastKnownFileType = sourcecode.swift; path = Direction.swift; sourceTree = "<group>"; };
		E1F5590D1CC68709005D2A4B /* CategoryBitMasks.swift */ = {isa = PBXFileReference; fileEncoding = 4; lastKnownFileType = sourcecode.swift; path = CategoryBitMasks.swift; sourceTree = "<group>"; };
		E1F5590F1CC688EA005D2A4B /* Coin.swift */ = {isa = PBXFileReference; fileEncoding = 4; lastKnownFileType = sourcecode.swift; path = Coin.swift; sourceTree = "<group>"; };
		E1F559111CC688FF005D2A4B /* Projectile.swift */ = {isa = PBXFileReference; fileEncoding = 4; lastKnownFileType = sourcecode.swift; path = Projectile.swift; sourceTree = "<group>"; };
		E1F559131CC6A680005D2A4B /* DestroyCoin.sks */ = {isa = PBXFileReference; lastKnownFileType = file.sks; path = DestroyCoin.sks; sourceTree = "<group>"; };
/* End PBXFileReference section */

/* Begin PBXFrameworksBuildPhase section */
		E15A0BAD1CC5567000C9E655 /* Frameworks */ = {
			isa = PBXFrameworksBuildPhase;
			buildActionMask = 2147483647;
			files = (
			);
			runOnlyForDeploymentPostprocessing = 0;
		};
/* End PBXFrameworksBuildPhase section */

/* Begin PBXGroup section */
		E13DF83E1CC6BFEF000AC939 /* utils */ = {
			isa = PBXGroup;
			children = (
				E13DF83F1CC6C001000AC939 /* CGMath.swift */,
			);
			name = utils;
			sourceTree = "<group>";
		};
		E15A0BA71CC5567000C9E655 = {
			isa = PBXGroup;
			children = (
				E15A0BB21CC5567000C9E655 /* _zero */,
				E15A0BB11CC5567000C9E655 /* Products */,
			);
			sourceTree = "<group>";
		};
		E15A0BB11CC5567000C9E655 /* Products */ = {
			isa = PBXGroup;
			children = (
				E15A0BB01CC5567000C9E655 /* _zero.app */,
			);
			name = Products;
			sourceTree = "<group>";
		};
		E15A0BB21CC5567000C9E655 /* _zero */ = {
			isa = PBXGroup;
			children = (
				E15A0BC91CC5577800C9E655 /* resources */,
				E1F559061CC6636F005D2A4B /* classes */,
				E15A0BB31CC5567000C9E655 /* AppDelegate.swift */,
				E15A0BB51CC5567000C9E655 /* GameScene.sks */,
				E15A0BB71CC5567000C9E655 /* GameScene.swift */,
				E15A0BB91CC5567000C9E655 /* GameViewController.swift */,
				E15A0BBB1CC5567000C9E655 /* Main.storyboard */,
				E15A0BBE1CC5567000C9E655 /* Assets.xcassets */,
				E15A0BC01CC5567000C9E655 /* LaunchScreen.storyboard */,
				E15A0BC31CC5567000C9E655 /* Info.plist */,
			);
			path = _zero;
			sourceTree = "<group>";
		};
		E15A0BC91CC5577800C9E655 /* resources */ = {
			isa = PBXGroup;
			children = (
				E1B89C781D074DB1002AB406 /* sounds */,
				E13DF83E1CC6BFEF000AC939 /* utils */,
				E15A0BCD1CC5593F00C9E655 /* particles */,
				E15A0BCA1CC5578500C9E655 /* fonts */,
			);
			name = resources;
			sourceTree = "<group>";
		};
		E15A0BCA1CC5578500C9E655 /* fonts */ = {
			isa = PBXGroup;
			children = (
				E15A0BCB1CC5579100C9E655 /* Fipps-Regular.otf */,
			);
			name = fonts;
			sourceTree = "<group>";
		};
		E15A0BCD1CC5593F00C9E655 /* particles */ = {
			isa = PBXGroup;
			children = (
				E15A0BCE1CC5598A00C9E655 /* StarField.sks */,
				E15A0BCF1CC5598A00C9E655 /* spark.png */,
				E1F559131CC6A680005D2A4B /* DestroyCoin.sks */,
			);
			name = particles;
			sourceTree = "<group>";
		};
		E1B89C781D074DB1002AB406 /* sounds */ = {
			isa = PBXGroup;
			children = (
				E1B89C7B1D074E24002AB406 /* damage.wav */,
				E1B89C7D1D075070002AB406 /* background.wav */,
				E1B89C791D074DC7002AB406 /* coin.wav */,
			);
			name = sounds;
			sourceTree = "<group>";
		};
		E1F559061CC6636F005D2A4B /* classes */ = {
			isa = PBXGroup;
			children = (
				E1F559071CC66391005D2A4B /* Hero.swift */,
				E1F559091CC6746C005D2A4B /* Direction.swift */,
				E1F5590D1CC68709005D2A4B /* CategoryBitMasks.swift */,
				E1F5590F1CC688EA005D2A4B /* Coin.swift */,
				E1F559111CC688FF005D2A4B /* Projectile.swift */,
				E1B89C761D0749CE002AB406 /* SKNode.swift */,
			);
			name = classes;
			sourceTree = "<group>";
		};
/* End PBXGroup section */

/* Begin PBXNativeTarget section */
		E15A0BAF1CC5567000C9E655 /* _zero */ = {
			isa = PBXNativeTarget;
			buildConfigurationList = E15A0BC61CC5567000C9E655 /* Build configuration list for PBXNativeTarget "_zero" */;
			buildPhases = (
				E15A0BAC1CC5567000C9E655 /* Sources */,
				E15A0BAD1CC5567000C9E655 /* Frameworks */,
				E15A0BAE1CC5567000C9E655 /* Resources */,
			);
			buildRules = (
			);
			dependencies = (
			);
			name = _zero;
			productName = _zero;
			productReference = E15A0BB01CC5567000C9E655 /* _zero.app */;
			productType = "com.apple.product-type.application";
		};
/* End PBXNativeTarget section */

/* Begin PBXProject section */
		E15A0BA81CC5567000C9E655 /* Project object */ = {
			isa = PBXProject;
			attributes = {
				LastSwiftUpdateCheck = 0730;
				LastUpgradeCheck = 0730;
				ORGANIZATIONNAME = "Jake Johnson";
				TargetAttributes = {
					E15A0BAF1CC5567000C9E655 = {
						CreatedOnToolsVersion = 7.3;
						DevelopmentTeam = 34PXCJ443K;
					};
				};
			};
			buildConfigurationList = E15A0BAB1CC5567000C9E655 /* Build configuration list for PBXProject "_zero" */;
			compatibilityVersion = "Xcode 3.2";
			developmentRegion = English;
			hasScannedForEncodings = 0;
			knownRegions = (
				en,
				Base,
			);
			mainGroup = E15A0BA71CC5567000C9E655;
			productRefGroup = E15A0BB11CC5567000C9E655 /* Products */;
			projectDirPath = "";
			projectRoot = "";
			targets = (
				E15A0BAF1CC5567000C9E655 /* _zero */,
			);
		};
/* End PBXProject section */

/* Begin PBXResourcesBuildPhase section */
		E15A0BAE1CC5567000C9E655 /* Resources */ = {
			isa = PBXResourcesBuildPhase;
			buildActionMask = 2147483647;
			files = (
				E15A0BD01CC5598A00C9E655 /* StarField.sks in Resources */,
				E1F559141CC6A680005D2A4B /* DestroyCoin.sks in Resources */,
				E15A0BB61CC5567000C9E655 /* GameScene.sks in Resources */,
				E1B89C7C1D074E24002AB406 /* damage.wav in Resources */,
				E15A0BC21CC5567000C9E655 /* LaunchScreen.storyboard in Resources */,
				E15A0BD11CC5598A00C9E655 /* spark.png in Resources */,
				E15A0BCC1CC557A700C9E655 /* Fipps-Regular.otf in Resources */,
				E1B89C7A1D074DC7002AB406 /* coin.wav in Resources */,
				E1B89C7E1D075070002AB406 /* background.wav in Resources */,
				E15A0BBF1CC5567000C9E655 /* Assets.xcassets in Resources */,
				E15A0BBD1CC5567000C9E655 /* Main.storyboard in Resources */,
			);
			runOnlyForDeploymentPostprocessing = 0;
		};
/* End PBXResourcesBuildPhase section */

/* Begin PBXSourcesBuildPhase section */
		E15A0BAC1CC5567000C9E655 /* Sources */ = {
			isa = PBXSourcesBuildPhase;
			buildActionMask = 2147483647;
			files = (
				E15A0BB81CC5567000C9E655 /* GameScene.swift in Sources */,
				E15A0BBA1CC5567000C9E655 /* GameViewController.swift in Sources */,
				E15A0BB41CC5567000C9E655 /* AppDelegate.swift in Sources */,
				E1F5590A1CC6746C005D2A4B /* Direction.swift in Sources */,
				E1F559121CC688FF005D2A4B /* Projectile.swift in Sources */,
				E1B89C771D0749CE002AB406 /* SKNode.swift in Sources */,
				E1F559081CC66391005D2A4B /* Hero.swift in Sources */,
				E1F5590E1CC68709005D2A4B /* CategoryBitMasks.swift in Sources */,
				E1F559101CC688EA005D2A4B /* Coin.swift in Sources */,
				E13DF8401CC6C001000AC939 /* CGMath.swift in Sources */,
			);
			runOnlyForDeploymentPostprocessing = 0;
		};
/* End PBXSourcesBuildPhase section */

/* Begin PBXVariantGroup section */
		E15A0BBB1CC5567000C9E655 /* Main.storyboard */ = {
			isa = PBXVariantGroup;
			children = (
				E15A0BBC1CC5567000C9E655 /* Base */,
			);
			name = Main.storyboard;
			sourceTree = "<group>";
		};
		E15A0BC01CC5567000C9E655 /* LaunchScreen.storyboard */ = {
			isa = PBXVariantGroup;
			children = (
				E15A0BC11CC5567000C9E655 /* Base */,
			);
			name = LaunchScreen.storyboard;
			sourceTree = "<group>";
		};
/* End PBXVariantGroup section */

/* Begin XCBuildConfiguration section */
		E15A0BC41CC5567000C9E655 /* Debug */ = {
			isa = XCBuildConfiguration;
			buildSettings = {
				ALWAYS_SEARCH_USER_PATHS = NO;
				CLANG_ANALYZER_NONNULL = YES;
				CLANG_CXX_LANGUAGE_STANDARD = "gnu++0x";
				CLANG_CXX_LIBRARY = "libc++";
				CLANG_ENABLE_MODULES = YES;
				CLANG_ENABLE_OBJC_ARC = YES;
				CLANG_WARN_BOOL_CONVERSION = YES;
				CLANG_WARN_CONSTANT_CONVERSION = YES;
				CLANG_WARN_DIRECT_OBJC_ISA_USAGE = YES_ERROR;
				CLANG_WARN_EMPTY_BODY = YES;
				CLANG_WARN_ENUM_CONVERSION = YES;
				CLANG_WARN_INT_CONVERSION = YES;
				CLANG_WARN_OBJC_ROOT_CLASS = YES_ERROR;
				CLANG_WARN_UNREACHABLE_CODE = YES;
				CLANG_WARN__DUPLICATE_METHOD_MATCH = YES;
				"CODE_SIGN_IDENTITY[sdk=iphoneos*]" = "iPhone Developer";
				COPY_PHASE_STRIP = NO;
				DEBUG_INFORMATION_FORMAT = "dwarf-with-dsym";
				ENABLE_STRICT_OBJC_MSGSEND = YES;
				ENABLE_TESTABILITY = YES;
				GCC_C_LANGUAGE_STANDARD = gnu99;
				GCC_DYNAMIC_NO_PIC = NO;
				GCC_NO_COMMON_BLOCKS = YES;
				GCC_OPTIMIZATION_LEVEL = 0;
				GCC_PREPROCESSOR_DEFINITIONS = (
					"DEBUG=1",
					"$(inherited)",
				);
				GCC_WARN_64_TO_32_BIT_CONVERSION = YES;
				GCC_WARN_ABOUT_RETURN_TYPE = YES_ERROR;
				GCC_WARN_UNDECLARED_SELECTOR = YES;
				GCC_WARN_UNINITIALIZED_AUTOS = YES_AGGRESSIVE;
				GCC_WARN_UNUSED_FUNCTION = YES;
				GCC_WARN_UNUSED_VARIABLE = YES;
				IPHONEOS_DEPLOYMENT_TARGET = 9.3;
				MTL_ENABLE_DEBUG_INFO = YES;
				ONLY_ACTIVE_ARCH = YES;
				SDKROOT = iphoneos;
				SWIFT_OPTIMIZATION_LEVEL = "-Onone";
				TARGETED_DEVICE_FAMILY = "1,2";
			};
			name = Debug;
		};
		E15A0BC51CC5567000C9E655 /* Release */ = {
			isa = XCBuildConfiguration;
			buildSettings = {
				ALWAYS_SEARCH_USER_PATHS = NO;
				CLANG_ANALYZER_NONNULL = YES;
				CLANG_CXX_LANGUAGE_STANDARD = "gnu++0x";
				CLANG_CXX_LIBRARY = "libc++";
				CLANG_ENABLE_MODULES = YES;
				CLANG_ENABLE_OBJC_ARC = YES;
				CLANG_WARN_BOOL_CONVERSION = YES;
				CLANG_WARN_CONSTANT_CONVERSION = YES;
				CLANG_WARN_DIRECT_OBJC_ISA_USAGE = YES_ERROR;
				CLANG_WARN_EMPTY_BODY = YES;
				CLANG_WARN_ENUM_CONVERSION = YES;
				CLANG_WARN_INT_CONVERSION = YES;
				CLANG_WARN_OBJC_ROOT_CLASS = YES_ERROR;
				CLANG_WARN_UNREACHABLE_CODE = YES;
				CLANG_WARN__DUPLICATE_METHOD_MATCH = YES;
				"CODE_SIGN_IDENTITY[sdk=iphoneos*]" = "iPhone Developer";
				COPY_PHASE_STRIP = NO;
				DEBUG_INFORMATION_FORMAT = "dwarf-with-dsym";
				ENABLE_NS_ASSERTIONS = NO;
				ENABLE_STRICT_OBJC_MSGSEND = YES;
				GCC_C_LANGUAGE_STANDARD = gnu99;
				GCC_NO_COMMON_BLOCKS = YES;
				GCC_WARN_64_TO_32_BIT_CONVERSION = YES;
				GCC_WARN_ABOUT_RETURN_TYPE = YES_ERROR;
				GCC_WARN_UNDECLARED_SELECTOR = YES;
				GCC_WARN_UNINITIALIZED_AUTOS = YES_AGGRESSIVE;
				GCC_WARN_UNUSED_FUNCTION = YES;
				GCC_WARN_UNUSED_VARIABLE = YES;
				IPHONEOS_DEPLOYMENT_TARGET = 9.3;
				MTL_ENABLE_DEBUG_INFO = NO;
				SDKROOT = iphoneos;
				TARGETED_DEVICE_FAMILY = "1,2";
				VALIDATE_PRODUCT = YES;
			};
			name = Release;
		};
		E15A0BC71CC5567000C9E655 /* Debug */ = {
			isa = XCBuildConfiguration;
			buildSettings = {
				ASSETCATALOG_COMPILER_APPICON_NAME = AppIcon;
				INFOPLIST_FILE = _zero/Info.plist;
				LD_RUNPATH_SEARCH_PATHS = "$(inherited) @executable_path/Frameworks";
				PRODUCT_BUNDLE_IDENTIFIER = "com.xyclos.-zero";
				PRODUCT_NAME = "$(TARGET_NAME)";
			};
			name = Debug;
		};
		E15A0BC81CC5567000C9E655 /* Release */ = {
			isa = XCBuildConfiguration;
			buildSettings = {
				ASSETCATALOG_COMPILER_APPICON_NAME = AppIcon;
				INFOPLIST_FILE = _zero/Info.plist;
				LD_RUNPATH_SEARCH_PATHS = "$(inherited) @executable_path/Frameworks";
				PRODUCT_BUNDLE_IDENTIFIER = "com.xyclos.-zero";
				PRODUCT_NAME = "$(TARGET_NAME)";
			};
			name = Release;
		};
/* End XCBuildConfiguration section */

/* Begin XCConfigurationList section */
		E15A0BAB1CC5567000C9E655 /* Build configuration list for PBXProject "_zero" */ = {
			isa = XCConfigurationList;
			buildConfigurations = (
				E15A0BC41CC5567000C9E655 /* Debug */,
				E15A0BC51CC5567000C9E655 /* Release */,
			);
			defaultConfigurationIsVisible = 0;
			defaultConfigurationName = Release;
		};
		E15A0BC61CC5567000C9E655 /* Build configuration list for PBXNativeTarget "_zero" */ = {
			isa = XCConfigurationList;
			buildConfigurations = (
				E15A0BC71CC5567000C9E655 /* Debug */,
				E15A0BC81CC5567000C9E655 /* Release */,
			);
			defaultConfigurationIsVisible = 0;
			defaultConfigurationName = Release;
		};
/* End XCConfigurationList section */
	};
	rootObject = E15A0BA81CC5567000C9E655 /* Project object */;
}
